# THIS IS AN AUTOGENERATED FILE. DO NOT EDIT THIS FILE DIRECTLY.
# yarn lockfile v1
bluebird@^3.4.6:
  version "3.4.6"
  resolved "https://registry.yarnpkg.com/bluebird/-/bluebird-3.4.6.tgz#01da8d821d87813d158967e743d5fe6c62cf8c0f"

debug:
  version "2.2.0"
  resolved "https://registry.yarnpkg.com/debug/-/debug-2.2.0.tgz#f87057e995b1a1f6ae6a4960664137bc56f039da"
  dependencies:
    ms "0.7.1"

lodash.merge:
  version "4.6.0"
  resolved "https://registry.yarnpkg.com/lodash.merge/-/lodash.merge-4.6.0.tgz#69884ba144ac33fe699737a6086deffadd0f89c5"

lodash.pick:
  version "4.4.0"
  resolved "https://registry.yarnpkg.com/lodash.pick/-/lodash.pick-4.4.0.tgz#52f05610fff9ded422611441ed1fc123a03001b3"

minimist:
  version "1.2.0"
  resolved "https://registry.yarnpkg.com/minimist/-/minimist-1.2.0.tgz#a35008b20f41383eec1fb914f4cd5df79a264284"

ms@0.7.1:
  version "0.7.1"
  resolved "https://registry.yarnpkg.com/ms/-/ms-0.7.1.tgz#9cd13c03adbff25b65effde7ce864ee952017098"

pegjs:
  version "0.10.0"
  resolved "https://registry.yarnpkg.com/pegjs/-/pegjs-0.10.0.tgz#cf8bafae6eddff4b5a7efb185269eaaf4610ddbd"

q:
  version "1.4.1"
  resolved "https://registry.yarnpkg.com/q/-/q-1.4.1.tgz#55705bcd93c5f3673530c2c2cbc0c2b3addc286e"

xtend:
  version "4.0.1"
  resolved "https://registry.yarnpkg.com/xtend/-/xtend-4.0.1.tgz#a5c6d532be656e23db820efb943a1f04998d63af"

